<?xml version="1.0" encoding="utf-8"?>
<Project ToolsVersion="4.0" xmlns="http://schemas.microsoft.com/developer/msbuild/2003">
  <ItemGroup>
    <Filter Include="Header">
      <UniqueIdentifier>{4d830a72-6829-4cbf-9a41-d4c19c5deaf4}</UniqueIdentifier>
    </Filter>
    <Filter Include="Resource">
      <UniqueIdentifier>{ac186bd8-846e-4975-9377-a5bbf2634127}</UniqueIdentifier>
    </Filter>
    <Filter Include="Source">
      <UniqueIdentifier>{48e5b269-56c3-454b-a505-2ad226b673f2}</UniqueIdentifier>
    </Filter>
  </ItemGroup>
  <ItemGroup>
    <ClCompile Include=".\src\timevertor.cpp">
      <Filter>Source</Filter>
    </ClCompile>
    <ClCompile Include="..\ini.cpp">
      <Filter>Source</Filter>
    </ClCompile>
    <ClCompile Include="..\routine.cpp">
      <Filter>Source</Filter>
    </ClCompile>
  </ItemGroup>
  <ItemGroup>
    <ClInclude Include=".\src\timevertor.h">
      <Filter>Header</Filter>
    </ClInclude>
    <ClInclude Include=".\src\resource.h">
      <Filter>Header</Filter>
    </ClInclude>
    <ClInclude Include="..\ini.h">
      <Filter>Header</Filter>
    </ClInclude>
    <ClInclude Include="..\routine.h">
      <Filter>Header</Filter>
    </ClInclude>
  </ItemGroup>
  <ItemGroup>
    <ResourceCompile Include=".\src\resource.rc">
      <Filter>Resource</Filter>
    </ResourceCompile>
  </ItemGroup>
</Project>