
Microsoft Visual Studio Solution File, Format Version 12.00
# Visual Studio Version 17
VisualStudioVersion = 17.0.31903.59
MinimumVisualStudioVersion = 10.0.40219.1
Project("{8BC9CEB8-8B4A-11D0-8D11-00A0C91BC942}") = "timevertor", "timevertor.vcxproj", "{CD79FDC9-EAA7-40E6-B5F2-C3E0A55EF6FE}"
EndProject
Global
	GlobalSection(SolutionConfigurationPlatforms) = preSolution
		Debug|ARM64 = Debug|ARM64
		Debug|x64 = Debug|x64
		Debug|x86 = Debug|x86
		Release|ARM64 = Release|ARM64
		Release|x64 = Release|x64
		Release|x86 = Release|x86
	EndGlobalSection
	GlobalSection(ProjectConfigurationPlatforms) = postSolution
		{CD79FDC9-EAA7-40E6-B5F2-C3E0A55EF6FE}.Debug|ARM64.ActiveCfg = Debug|ARM64
		{CD79FDC9-EAA7-40E6-B5F2-C3E0A55EF6FE}.Debug|ARM64.Build.0 = Debug|ARM64
		{CD79FDC9-EAA7-40E6-B5F2-C3E0A55EF6FE}.Debug|x64.ActiveCfg = Debug|x64
		{CD79FDC9-EAA7-40E6-B5F2-C3E0A55EF6FE}.Debug|x64.Build.0 = Debug|x64
		{CD79FDC9-EAA7-40E6-B5F2-C3E0A55EF6FE}.Debug|x86.ActiveCfg = Debug|Win32
		{CD79FDC9-EAA7-40E6-B5F2-C3E0A55EF6FE}.Debug|x86.Build.0 = Debug|Win32
		{CD79FDC9-EAA7-40E6-B5F2-C3E0A55EF6FE}.Release|ARM64.ActiveCfg = Release|ARM64
		{CD79FDC9-EAA7-40E6-B5F2-C3E0A55EF6FE}.Release|ARM64.Build.0 = Release|ARM64
		{CD79FDC9-EAA7-40E6-B5F2-C3E0A55EF6FE}.Release|x64.ActiveCfg = Release|x64
		{CD79FDC9-EAA7-40E6-B5F2-C3E0A55EF6FE}.Release|x64.Build.0 = Release|x64
		{CD79FDC9-EAA7-40E6-B5F2-C3E0A55EF6FE}.Release|x86.ActiveCfg = Release|Win32
		{CD79FDC9-EAA7-40E6-B5F2-C3E0A55EF6FE}.Release|x86.Build.0 = Release|Win32
	EndGlobalSection
	GlobalSection(SolutionProperties) = preSolution
		HideSolutionNode = FALSE
	EndGlobalSection
	GlobalSection(ExtensibilityGlobals) = postSolution
		SolutionGuid = {B581A5C3-A499-48E5-A586-E45DFDDEB653}
	EndGlobalSection
EndGlobal
