
Microsoft Visual Studio Solution File, Format Version 11.00
# Visual Studio 2010
Project("{8BC9CEB8-8B4A-11D0-8D11-00A0C91BC942}") = "timevertor", "timevertor.vcxproj", "{7D21932F-6A2B-48F3-98EB-086EB2B848FA}"
EndProject
Project("{8BC9CEB8-8B4A-11D0-8D11-00A0C91BC942}") = "Russian", "src\languages\Russian\Russian.vcxproj", "{3F1B6A49-56CB-4E22-8FF0-51DECD194782}"
EndProject
Global
	GlobalSection(SolutionConfigurationPlatforms) = preSolution
		Debug|Win32 = Debug|Win32
		Release|Win32 = Release|Win32
	EndGlobalSection
	GlobalSection(ProjectConfigurationPlatforms) = postSolution
		{7D21932F-6A2B-48F3-98EB-086EB2B848FA}.Debug|Win32.ActiveCfg = Debug|Win32
		{7D21932F-6A2B-48F3-98EB-086EB2B848FA}.Debug|Win32.Build.0 = Debug|Win32
		{7D21932F-6A2B-48F3-98EB-086EB2B848FA}.Release|Win32.ActiveCfg = Release|Win32
		{7D21932F-6A2B-48F3-98EB-086EB2B848FA}.Release|Win32.Build.0 = Release|Win32
		{3F1B6A49-56CB-4E22-8FF0-51DECD194782}.Debug|Win32.ActiveCfg = Debug|Win32
		{3F1B6A49-56CB-4E22-8FF0-51DECD194782}.Debug|Win32.Build.0 = Debug|Win32
		{3F1B6A49-56CB-4E22-8FF0-51DECD194782}.Release|Win32.ActiveCfg = Release|Win32
		{3F1B6A49-56CB-4E22-8FF0-51DECD194782}.Release|Win32.Build.0 = Release|Win32
	EndGlobalSection
	GlobalSection(SolutionProperties) = preSolution
		HideSolutionNode = FALSE
	EndGlobalSection
EndGlobal
